// !$*UTF8*$!
{
	archiveVersion = 1;
	classes = {
	};
	objectVersion = 51;
	objects = {

/* Begin PBXBuildFile section */
		55155153258676D30013CAB3 /* StorageManager.swift in Sources */ = {isa = PBXBuildFile; fileRef = 55155152258676D30013CAB3 /* StorageManager.swift */; };
		551DFFF925813E7200970E73 /* Word.swift in Sources */ = {isa = PBXBuildFile; fileRef = 551DFFF825813E7200970E73 /* Word.swift */; };
		55215607259BA6CC007788DB /* DetailLessonViewController.swift in Sources */ = {isa = PBXBuildFile; fileRef = 55215606259BA6CC007788DB /* DetailLessonViewController.swift */; };
		55574D0E258943010002D94C /* ChoiceLessonViewController.swift in Sources */ = {isa = PBXBuildFile; fileRef = 55574D0D258943010002D94C /* ChoiceLessonViewController.swift */; };
		5560934325ACDE860020B0C6 /* AlertController.swift in Sources */ = {isa = PBXBuildFile; fileRef = 5560934225ACDE860020B0C6 /* AlertController.swift */; };
		5570D6ED257980C600DC47C3 /* AppDelegate.swift in Sources */ = {isa = PBXBuildFile; fileRef = 5570D6EC257980C600DC47C3 /* AppDelegate.swift */; };
		5570D6EF257980C600DC47C3 /* SceneDelegate.swift in Sources */ = {isa = PBXBuildFile; fileRef = 5570D6EE257980C600DC47C3 /* SceneDelegate.swift */; };
		5570D6F1257980C600DC47C3 /* WordViewController.swift in Sources */ = {isa = PBXBuildFile; fileRef = 5570D6F0257980C600DC47C3 /* WordViewController.swift */; };
		5570D6F4257980C600DC47C3 /* Main.storyboard in Resources */ = {isa = PBXBuildFile; fileRef = 5570D6F2257980C600DC47C3 /* Main.storyboard */; };
		5570D6F6257980C900DC47C3 /* Assets.xcassets in Resources */ = {isa = PBXBuildFile; fileRef = 5570D6F5257980C900DC47C3 /* Assets.xcassets */; };
		5570D6F9257980C900DC47C3 /* LaunchScreen.storyboard in Resources */ = {isa = PBXBuildFile; fileRef = 5570D6F7257980C900DC47C3 /* LaunchScreen.storyboard */; };
		EE33913A83BCFEF463048A11 /* Pods_MemorizingWords.framework in Frameworks */ = {isa = PBXBuildFile; fileRef = E39937C8111B50640B914F3A /* Pods_MemorizingWords.framework */; };
/* End PBXBuildFile section */

/* Begin PBXFileReference section */
		02F06CCC5AC9DBF1DCDB02FE /* Pods-MemorizingWords.debug.xcconfig */ = {isa = PBXFileReference; includeInIndex = 1; lastKnownFileType = text.xcconfig; name = "Pods-MemorizingWords.debug.xcconfig"; path = "Target Support Files/Pods-MemorizingWords/Pods-MemorizingWords.debug.xcconfig"; sourceTree = "<group>"; };
		55155152258676D30013CAB3 /* StorageManager.swift */ = {isa = PBXFileReference; lastKnownFileType = sourcecode.swift; path = StorageManager.swift; sourceTree = "<group>"; };
		551DFFF825813E7200970E73 /* Word.swift */ = {isa = PBXFileReference; lastKnownFileType = sourcecode.swift; path = Word.swift; sourceTree = "<group>"; };
		55215606259BA6CC007788DB /* DetailLessonViewController.swift */ = {isa = PBXFileReference; lastKnownFileType = sourcecode.swift; path = DetailLessonViewController.swift; sourceTree = "<group>"; };
		55574D0D258943010002D94C /* ChoiceLessonViewController.swift */ = {isa = PBXFileReference; lastKnownFileType = sourcecode.swift; path = ChoiceLessonViewController.swift; sourceTree = "<group>"; };
		5560934225ACDE860020B0C6 /* AlertController.swift */ = {isa = PBXFileReference; lastKnownFileType = sourcecode.swift; path = AlertController.swift; sourceTree = "<group>"; };
		5570D6E9257980C600DC47C3 /* MemorizingWords.app */ = {isa = PBXFileReference; explicitFileType = wrapper.application; includeInIndex = 0; path = MemorizingWords.app; sourceTree = BUILT_PRODUCTS_DIR; };
		5570D6EC257980C600DC47C3 /* AppDelegate.swift */ = {isa = PBXFileReference; lastKnownFileType = sourcecode.swift; path = AppDelegate.swift; sourceTree = "<group>"; };
		5570D6EE257980C600DC47C3 /* SceneDelegate.swift */ = {isa = PBXFileReference; lastKnownFileType = sourcecode.swift; path = SceneDelegate.swift; sourceTree = "<group>"; };
		5570D6F0257980C600DC47C3 /* WordViewController.swift */ = {isa = PBXFileReference; lastKnownFileType = sourcecode.swift; path = WordViewController.swift; sourceTree = "<group>"; };
		5570D6F3257980C600DC47C3 /* Base */ = {isa = PBXFileReference; lastKnownFileType = file.storyboard; name = Base; path = Base.lproj/Main.storyboard; sourceTree = "<group>"; };
		5570D6F5257980C900DC47C3 /* Assets.xcassets */ = {isa = PBXFileReference; lastKnownFileType = folder.assetcatalog; path = Assets.xcassets; sourceTree = "<group>"; };
		5570D6F8257980C900DC47C3 /* Base */ = {isa = PBXFileReference; lastKnownFileType = file.storyboard; name = Base; path = Base.lproj/LaunchScreen.storyboard; sourceTree = "<group>"; };
		5570D6FA257980C900DC47C3 /* Info.plist */ = {isa = PBXFileReference; lastKnownFileType = text.plist.xml; path = Info.plist; sourceTree = "<group>"; };
		57C4265A58B52003259958EA /* Pods-MemorizingWords.release.xcconfig */ = {isa = PBXFileReference; includeInIndex = 1; lastKnownFileType = text.xcconfig; name = "Pods-MemorizingWords.release.xcconfig"; path = "Target Support Files/Pods-MemorizingWords/Pods-MemorizingWords.release.xcconfig"; sourceTree = "<group>"; };
		E39937C8111B50640B914F3A /* Pods_MemorizingWords.framework */ = {isa = PBXFileReference; explicitFileType = wrapper.framework; includeInIndex = 0; path = Pods_MemorizingWords.framework; sourceTree = BUILT_PRODUCTS_DIR; };
/* End PBXFileReference section */

/* Begin PBXFrameworksBuildPhase section */
		5570D6E6257980C600DC47C3 /* Frameworks */ = {
			isa = PBXFrameworksBuildPhase;
			buildActionMask = 2147483647;
			files = (
				EE33913A83BCFEF463048A11 /* Pods_MemorizingWords.framework in Frameworks */,
			);
			runOnlyForDeploymentPostprocessing = 0;
		};
/* End PBXFrameworksBuildPhase section */

/* Begin PBXGroup section */
		289606CC6A414170A74531E6 /* Frameworks */ = {
			isa = PBXGroup;
			children = (
				E39937C8111B50640B914F3A /* Pods_MemorizingWords.framework */,
			);
			name = Frameworks;
			sourceTree = "<group>";
		};
		55215609259BA856007788DB /* Other */ = {
			isa = PBXGroup;
			children = (
				5570D6F5257980C900DC47C3 /* Assets.xcassets */,
				5570D6F7257980C900DC47C3 /* LaunchScreen.storyboard */,
				5570D6EC257980C600DC47C3 /* AppDelegate.swift */,
				5570D6EE257980C600DC47C3 /* SceneDelegate.swift */,
			);
			path = Other;
			sourceTree = "<group>";
		};
		5570D6E0257980C600DC47C3 = {
			isa = PBXGroup;
			children = (
				5570D6EB257980C600DC47C3 /* MemorizingWords */,
				55215609259BA856007788DB /* Other */,
				5570D6EA257980C600DC47C3 /* Products */,
				D1CA504762B7E0FF19427D56 /* Pods */,
				289606CC6A414170A74531E6 /* Frameworks */,
			);
			sourceTree = "<group>";
		};
		5570D6EA257980C600DC47C3 /* Products */ = {
			isa = PBXGroup;
			children = (
				5570D6E9257980C600DC47C3 /* MemorizingWords.app */,
			);
			name = Products;
			sourceTree = "<group>";
		};
		5570D6EB257980C600DC47C3 /* MemorizingWords */ = {
			isa = PBXGroup;
			children = (
				551DFFF825813E7200970E73 /* Word.swift */,
				55155152258676D30013CAB3 /* StorageManager.swift */,
				5560934225ACDE860020B0C6 /* AlertController.swift */,
				55574D0D258943010002D94C /* ChoiceLessonViewController.swift */,
				55215606259BA6CC007788DB /* DetailLessonViewController.swift */,
				5570D6F0257980C600DC47C3 /* WordViewController.swift */,
				5570D6F2257980C600DC47C3 /* Main.storyboard */,
				5570D6FA257980C900DC47C3 /* Info.plist */,
			);
			path = MemorizingWords;
			sourceTree = "<group>";
		};
		D1CA504762B7E0FF19427D56 /* Pods */ = {
			isa = PBXGroup;
			children = (
				02F06CCC5AC9DBF1DCDB02FE /* Pods-MemorizingWords.debug.xcconfig */,
				57C4265A58B52003259958EA /* Pods-MemorizingWords.release.xcconfig */,
			);
			path = Pods;
			sourceTree = "<group>";
		};
/* End PBXGroup section */

/* Begin PBXNativeTarget section */
		5570D6E8257980C600DC47C3 /* MemorizingWords */ = {
			isa = PBXNativeTarget;
			buildConfigurationList = 5570D6FD257980C900DC47C3 /* Build configuration list for PBXNativeTarget "MemorizingWords" */;
			buildPhases = (
				4F55B6A8834C1AEBEC0E1B54 /* [CP] Check Pods Manifest.lock */,
				5570D6E5257980C600DC47C3 /* Sources */,
				5570D6E6257980C600DC47C3 /* Frameworks */,
				5570D6E7257980C600DC47C3 /* Resources */,
				8B6E75AF18973939D180F436 /* [CP] Embed Pods Frameworks */,
			);
			buildRules = (
			);
			dependencies = (
			);
			name = MemorizingWords;
			productName = MemorizingWords;
			productReference = 5570D6E9257980C600DC47C3 /* MemorizingWords.app */;
			productType = "com.apple.product-type.application";
		};
/* End PBXNativeTarget section */

/* Begin PBXProject section */
		5570D6E1257980C600DC47C3 /* Project object */ = {
			isa = PBXProject;
			attributes = {
				LastSwiftUpdateCheck = 1150;
				LastUpgradeCheck = 1150;
				ORGANIZATIONNAME = Andrey;
				TargetAttributes = {
					5570D6E8257980C600DC47C3 = {
						CreatedOnToolsVersion = 11.5;
					};
				};
			};
			buildConfigurationList = 5570D6E4257980C600DC47C3 /* Build configuration list for PBXProject "MemorizingWords" */;
			compatibilityVersion = "Xcode 9.3";
			developmentRegion = en;
			hasScannedForEncodings = 0;
			knownRegions = (
				en,
				Base,
			);
			mainGroup = 5570D6E0257980C600DC47C3;
			productRefGroup = 5570D6EA257980C600DC47C3 /* Products */;
			projectDirPath = "";
			projectRoot = "";
			targets = (
				5570D6E8257980C600DC47C3 /* MemorizingWords */,
			);
		};
/* End PBXProject section */

/* Begin PBXResourcesBuildPhase section */
		5570D6E7257980C600DC47C3 /* Resources */ = {
			isa = PBXResourcesBuildPhase;
			buildActionMask = 2147483647;
			files = (
				5570D6F9257980C900DC47C3 /* LaunchScreen.storyboard in Resources */,
				5570D6F6257980C900DC47C3 /* Assets.xcassets in Resources */,
				5570D6F4257980C600DC47C3 /* Main.storyboard in Resources */,
			);
			runOnlyForDeploymentPostprocessing = 0;
		};
/* End PBXResourcesBuildPhase section */

/* Begin PBXShellScriptBuildPhase section */
		4F55B6A8834C1AEBEC0E1B54 /* [CP] Check Pods Manifest.lock */ = {
			isa = PBXShellScriptBuildPhase;
			buildActionMask = 2147483647;
			files = (
			);
			inputFileListPaths = (
			);
			inputPaths = (
				"${PODS_PODFILE_DIR_PATH}/Podfile.lock",
				"${PODS_ROOT}/Manifest.lock",
			);
			name = "[CP] Check Pods Manifest.lock";
			outputFileListPaths = (
			);
			outputPaths = (
				"$(DERIVED_FILE_DIR)/Pods-MemorizingWords-checkManifestLockResult.txt",
			);
			runOnlyForDeploymentPostprocessing = 0;
			shellPath = /bin/sh;
			shellScript = "diff \"${PODS_PODFILE_DIR_PATH}/Podfile.lock\" \"${PODS_ROOT}/Manifest.lock\" > /dev/null\nif [ $? != 0 ] ; then\n    # print error to STDERR\n    echo \"error: The sandbox is not in sync with the Podfile.lock. Run 'pod install' or update your CocoaPods installation.\" >&2\n    exit 1\nfi\n# This output is used by Xcode 'outputs' to avoid re-running this script phase.\necho \"SUCCESS\" > \"${SCRIPT_OUTPUT_FILE_0}\"\n";
			showEnvVarsInLog = 0;
		};
		8B6E75AF18973939D180F436 /* [CP] Embed Pods Frameworks */ = {
			isa = PBXShellScriptBuildPhase;
			buildActionMask = 2147483647;
			files = (
			);
			inputFileListPaths = (
				"${PODS_ROOT}/Target Support Files/Pods-MemorizingWords/Pods-MemorizingWords-frameworks-${CONFIGURATION}-input-files.xcfilelist",
			);
			name = "[CP] Embed Pods Frameworks";
			outputFileListPaths = (
				"${PODS_ROOT}/Target Support Files/Pods-MemorizingWords/Pods-MemorizingWords-frameworks-${CONFIGURATION}-output-files.xcfilelist",
			);
			runOnlyForDeploymentPostprocessing = 0;
			shellPath = /bin/sh;
			shellScript = "\"${PODS_ROOT}/Target Support Files/Pods-MemorizingWords/Pods-MemorizingWords-frameworks.sh\"\n";
			showEnvVarsInLog = 0;
		};
/* End PBXShellScriptBuildPhase section */

/* Begin PBXSourcesBuildPhase section */
		5570D6E5257980C600DC47C3 /* Sources */ = {
			isa = PBXSourcesBuildPhase;
			buildActionMask = 2147483647;
			files = (
				551DFFF925813E7200970E73 /* Word.swift in Sources */,
				5570D6F1257980C600DC47C3 /* WordViewController.swift in Sources */,
				55155153258676D30013CAB3 /* StorageManager.swift in Sources */,
				5570D6ED257980C600DC47C3 /* AppDelegate.swift in Sources */,
				5560934325ACDE860020B0C6 /* AlertController.swift in Sources */,
				55574D0E258943010002D94C /* ChoiceLessonViewController.swift in Sources */,
				5570D6EF257980C600DC47C3 /* SceneDelegate.swift in Sources */,
				55215607259BA6CC007788DB /* DetailLessonViewController.swift in Sources */,
			);
			runOnlyForDeploymentPostprocessing = 0;
		};
/* End PBXSourcesBuildPhase section */

/* Begin PBXVariantGroup section */
		5570D6F2257980C600DC47C3 /* Main.storyboard */ = {
			isa = PBXVariantGroup;
			children = (
				5570D6F3257980C600DC47C3 /* Base */,
			);
			name = Main.storyboard;
			sourceTree = "<group>";
		};
		5570D6F7257980C900DC47C3 /* LaunchScreen.storyboard */ = {
			isa = PBXVariantGroup;
			children = (
				5570D6F8257980C900DC47C3 /* Base */,
			);
			name = LaunchScreen.storyboard;
			sourceTree = "<group>";
		};
/* End PBXVariantGroup section */

/* Begin XCBuildConfiguration section */
		5570D6FB257980C900DC47C3 /* Debug */ = {
			isa = XCBuildConfiguration;
			buildSettings = {
				ALWAYS_SEARCH_USER_PATHS = NO;
				CLANG_ANALYZER_NONNULL = YES;
				CLANG_ANALYZER_NUMBER_OBJECT_CONVERSION = YES_AGGRESSIVE;
				CLANG_CXX_LANGUAGE_STANDARD = "gnu++14";
				CLANG_CXX_LIBRARY = "libc++";
				CLANG_ENABLE_MODULES = YES;
				CLANG_ENABLE_OBJC_ARC = YES;
				CLANG_ENABLE_OBJC_WEAK = YES;
				CLANG_WARN_BLOCK_CAPTURE_AUTORELEASING = YES;
				CLANG_WARN_BOOL_CONVERSION = YES;
				CLANG_WARN_COMMA = YES;
				CLANG_WARN_CONSTANT_CONVERSION = YES;
				CLANG_WARN_DEPRECATED_OBJC_IMPLEMENTATIONS = YES;
				CLANG_WARN_DIRECT_OBJC_ISA_USAGE = YES_ERROR;
				CLANG_WARN_DOCUMENTATION_COMMENTS = YES;
				CLANG_WARN_EMPTY_BODY = YES;
				CLANG_WARN_ENUM_CONVERSION = YES;
				CLANG_WARN_INFINITE_RECURSION = YES;
				CLANG_WARN_INT_CONVERSION = YES;
				CLANG_WARN_NON_LITERAL_NULL_CONVERSION = YES;
				CLANG_WARN_OBJC_IMPLICIT_RETAIN_SELF = YES;
				CLANG_WARN_OBJC_LITERAL_CONVERSION = YES;
				CLANG_WARN_OBJC_ROOT_CLASS = YES_ERROR;
				CLANG_WARN_RANGE_LOOP_ANALYSIS = YES;
				CLANG_WARN_STRICT_PROTOTYPES = YES;
				CLANG_WARN_SUSPICIOUS_MOVE = YES;
				CLANG_WARN_UNGUARDED_AVAILABILITY = YES_AGGRESSIVE;
				CLANG_WARN_UNREACHABLE_CODE = YES;
				CLANG_WARN__DUPLICATE_METHOD_MATCH = YES;
				COPY_PHASE_STRIP = NO;
				DEBUG_INFORMATION_FORMAT = dwarf;
				ENABLE_STRICT_OBJC_MSGSEND = YES;
				ENABLE_TESTABILITY = YES;
				GCC_C_LANGUAGE_STANDARD = gnu11;
				GCC_DYNAMIC_NO_PIC = NO;
				GCC_NO_COMMON_BLOCKS = YES;
				GCC_OPTIMIZATION_LEVEL = 0;
				GCC_PREPROCESSOR_DEFINITIONS = (
					"DEBUG=1",
					"$(inherited)",
				);
				GCC_WARN_64_TO_32_BIT_CONVERSION = YES;
				GCC_WARN_ABOUT_RETURN_TYPE = YES_ERROR;
				GCC_WARN_UNDECLARED_SELECTOR = YES;
				GCC_WARN_UNINITIALIZED_AUTOS = YES_AGGRESSIVE;
				GCC_WARN_UNUSED_FUNCTION = YES;
				GCC_WARN_UNUSED_VARIABLE = YES;
				IPHONEOS_DEPLOYMENT_TARGET = 13.5;
				MTL_ENABLE_DEBUG_INFO = INCLUDE_SOURCE;
				MTL_FAST_MATH = YES;
				ONLY_ACTIVE_ARCH = YES;
				SDKROOT = iphoneos;
				SWIFT_ACTIVE_COMPILATION_CONDITIONS = DEBUG;
				SWIFT_OPTIMIZATION_LEVEL = "-Onone";
			};
			name = Debug;
		};
		5570D6FC257980C900DC47C3 /* Release */ = {
			isa = XCBuildConfiguration;
			buildSettings = {
				ALWAYS_SEARCH_USER_PATHS = NO;
				CLANG_ANALYZER_NONNULL = YES;
				CLANG_ANALYZER_NUMBER_OBJECT_CONVERSION = YES_AGGRESSIVE;
				CLANG_CXX_LANGUAGE_STANDARD = "gnu++14";
				CLANG_CXX_LIBRARY = "libc++";
				CLANG_ENABLE_MODULES = YES;
				CLANG_ENABLE_OBJC_ARC = YES;
				CLANG_ENABLE_OBJC_WEAK = YES;
				CLANG_WARN_BLOCK_CAPTURE_AUTORELEASING = YES;
				CLANG_WARN_BOOL_CONVERSION = YES;
				CLANG_WARN_COMMA = YES;
				CLANG_WARN_CONSTANT_CONVERSION = YES;
				CLANG_WARN_DEPRECATED_OBJC_IMPLEMENTATIONS = YES;
				CLANG_WARN_DIRECT_OBJC_ISA_USAGE = YES_ERROR;
				CLANG_WARN_DOCUMENTATION_COMMENTS = YES;
				CLANG_WARN_EMPTY_BODY = YES;
				CLANG_WARN_ENUM_CONVERSION = YES;
				CLANG_WARN_INFINITE_RECURSION = YES;
				CLANG_WARN_INT_CONVERSION = YES;
				CLANG_WARN_NON_LITERAL_NULL_CONVERSION = YES;
				CLANG_WARN_OBJC_IMPLICIT_RETAIN_SELF = YES;
				CLANG_WARN_OBJC_LITERAL_CONVERSION = YES;
				CLANG_WARN_OBJC_ROOT_CLASS = YES_ERROR;
				CLANG_WARN_RANGE_LOOP_ANALYSIS = YES;
				CLANG_WARN_STRICT_PROTOTYPES = YES;
				CLANG_WARN_SUSPICIOUS_MOVE = YES;
				CLANG_WARN_UNGUARDED_AVAILABILITY = YES_AGGRESSIVE;
				CLANG_WARN_UNREACHABLE_CODE = YES;
				CLANG_WARN__DUPLICATE_METHOD_MATCH = YES;
				COPY_PHASE_STRIP = NO;
				DEBUG_INFORMATION_FORMAT = "dwarf-with-dsym";
				ENABLE_NS_ASSERTIONS = NO;
				ENABLE_STRICT_OBJC_MSGSEND = YES;
				GCC_C_LANGUAGE_STANDARD = gnu11;
				GCC_NO_COMMON_BLOCKS = YES;
				GCC_WARN_64_TO_32_BIT_CONVERSION = YES;
				GCC_WARN_ABOUT_RETURN_TYPE = YES_ERROR;
				GCC_WARN_UNDECLARED_SELECTOR = YES;
				GCC_WARN_UNINITIALIZED_AUTOS = YES_AGGRESSIVE;
				GCC_WARN_UNUSED_FUNCTION = YES;
				GCC_WARN_UNUSED_VARIABLE = YES;
				IPHONEOS_DEPLOYMENT_TARGET = 13.5;
				MTL_ENABLE_DEBUG_INFO = NO;
				MTL_FAST_MATH = YES;
				SDKROOT = iphoneos;
				SWIFT_COMPILATION_MODE = wholemodule;
				SWIFT_OPTIMIZATION_LEVEL = "-O";
				VALIDATE_PRODUCT = YES;
			};
			name = Release;
		};
		5570D6FE257980C900DC47C3 /* Debug */ = {
			isa = XCBuildConfiguration;
			baseConfigurationReference = 02F06CCC5AC9DBF1DCDB02FE /* Pods-MemorizingWords.debug.xcconfig */;
			buildSettings = {
				ASSETCATALOG_COMPILER_APPICON_NAME = AppIcon;
				CODE_SIGN_STYLE = Automatic;
				DEVELOPMENT_TEAM = 8BMP8HX9Y5;
				INFOPLIST_FILE = MemorizingWords/Info.plist;
				IPHONEOS_DEPLOYMENT_TARGET = 14.2;
				LD_RUNPATH_SEARCH_PATHS = (
					"$(inherited)",
					"@executable_path/Frameworks",
				);
				PRODUCT_BUNDLE_IDENTIFIER = Kryukov.MemorizingWords;
				PRODUCT_NAME = "$(TARGET_NAME)";
				SWIFT_VERSION = 5.0;
				TARGETED_DEVICE_FAMILY = "1,2";
			};
			name = Debug;
		};
		5570D6FF257980C900DC47C3 /* Release */ = {
			isa = XCBuildConfiguration;
			baseConfigurationReference = 57C4265A58B52003259958EA /* Pods-MemorizingWords.release.xcconfig */;
			buildSettings = {
				ASSETCATALOG_COMPILER_APPICON_NAME = AppIcon;
				CODE_SIGN_STYLE = Automatic;
				DEVELOPMENT_TEAM = 8BMP8HX9Y5;
				INFOPLIST_FILE = MemorizingWords/Info.plist;
				IPHONEOS_DEPLOYMENT_TARGET = 14.2;
				LD_RUNPATH_SEARCH_PATHS = (
					"$(inherited)",
					"@executable_path/Frameworks",
				);
				PRODUCT_BUNDLE_IDENTIFIER = Kryukov.MemorizingWords;
				PRODUCT_NAME = "$(TARGET_NAME)";
				SWIFT_VERSION = 5.0;
				TARGETED_DEVICE_FAMILY = "1,2";
			};
			name = Release;
		};
/* End XCBuildConfiguration section */

/* Begin XCConfigurationList section */
		5570D6E4257980C600DC47C3 /* Build configuration list for PBXProject "MemorizingWords" */ = {
			isa = XCConfigurationList;
			buildConfigurations = (
				5570D6FB257980C900DC47C3 /* Debug */,
				5570D6FC257980C900DC47C3 /* Release */,
			);
			defaultConfigurationIsVisible = 0;
			defaultConfigurationName = Release;
		};
		5570D6FD257980C900DC47C3 /* Build configuration list for PBXNativeTarget "MemorizingWords" */ = {
			isa = XCConfigurationList;
			buildConfigurations = (
				5570D6FE257980C900DC47C3 /* Debug */,
				5570D6FF257980C900DC47C3 /* Release */,
			);
			defaultConfigurationIsVisible = 0;
			defaultConfigurationName = Release;
		};
/* End XCConfigurationList section */
	};
	rootObject = 5570D6E1257980C600DC47C3 /* Project object */;
}
